// !$*UTF8*$!
{
	archiveVersion = 1;
	classes = {
	};
	objectVersion = 77;
	objects = {

/* Begin PBXContainerItemProxy section */
		A5E1A7A62FBB659100A644AD /* PBXContainerItemProxy */ = {
			isa = PBXContainerItemProxy;
			containerPortal = A5E1A7902FBB658E00A644AD /* Project object */;
			proxyType = 1;
			remoteGlobalIDString = A5E1A7972FBB658E00A644AD;
			remoteInfo = TaskExplorer;
		};
		A5E1A7B02FBB659100A644AD /* PBXContainerItemProxy */ = {
			isa = PBXContainerItemProxy;
			containerPortal = A5E1A7902FBB658E00A644AD /* Project object */;
			proxyType = 1;
			remoteGlobalIDString = A5E1A7972FBB658E00A644AD;
			remoteInfo = TaskExplorer;
		};
/* End PBXContainerItemProxy section */

/* Begin PBXFileReference section */
		A5E1A7982FBB658E00A644AD /* TaskExplorer.app */ = {isa = PBXFileReference; explicitFileType = wrapper.application; includeInIndex = 0; path = TaskExplorer.app; sourceTree = BUILT_PRODUCTS_DIR; };
		A5E1A7A52FBB659100A644AD /* TaskExplorerTests.xctest */ = {isa = PBXFileReference; explicitFileType = wrapper.cfbundle; includeInIndex = 0; path = TaskExplorerTests.xctest; sourceTree = BUILT_PRODUCTS_DIR; };
		A5E1A7AF2FBB659100A644AD /* TaskExplorerUITests.xctest */ = {isa = PBXFileReference; explicitFileType = wrapper.cfbundle; includeInIndex = 0; path = TaskExplorerUITests.xctest; sourceTree = BUILT_PRODUCTS_DIR; };
/* End PBXFileReference section */

/* Begin PBXFileSystemSynchronizedBuildFileExceptionSet section */
		A5E1A7F22FBB986800A644AD /* Exceptions for "TaskExplorer" folder in "TaskExplorerTests" target */ = {
			isa = PBXFileSystemSynchronizedBuildFileExceptionSet;
			membershipExceptions = (
				Features/TaskList/TaskListModel.swift,
				Features/TaskList/TaskListRepository.swift,
				Features/TaskList/TaskListViewModel.swift,
				Networking/APIEndpoint.swift,
				Networking/NetworkService.swift,
				Persistence/UserDefaultsDataSource.swift,
			);
			target = A5E1A7A42FBB659100A644AD /* TaskExplorerTests */;
		};
		A5E1A80F2FBC48F700A644AD /* Exceptions for "TaskExplorerTests" folder in "TaskExplorer" target */ = {
			isa = PBXFileSystemSynchronizedBuildFileExceptionSet;
			membershipExceptions = (
				Mocks/MockTaskRepository.swift,
				Mocks/TaskListDummy.swift,
			);
			target = A5E1A7972FBB658E00A644AD /* TaskExplorer */;
		};
/* End PBXFileSystemSynchronizedBuildFileExceptionSet section */

/* Begin PBXFileSystemSynchronizedRootGroup section */
		A5E1A79A2FBB658E00A644AD /* TaskExplorer */ = {
			isa = PBXFileSystemSynchronizedRootGroup;
			exceptions = (
				A5E1A7F22FBB986800A644AD /* Exceptions for "TaskExplorer" folder in "TaskExplorerTests" target */,
			);
			path = TaskExplorer;
			sourceTree = "<group>";
		};
		A5E1A7A82FBB659100A644AD /* TaskExplorerTests */ = {
			isa = PBXFileSystemSynchronizedRootGroup;
			exceptions = (
				A5E1A80F2FBC48F700A644AD /* Exceptions for "TaskExplorerTests" folder in "TaskExplorer" target */,
			);
			path = TaskExplorerTests;
			sourceTree = "<group>";
		};
		A5E1A7B22FBB659100A644AD /* TaskExplorerUITests */ = {
			isa = PBXFileSystemSynchronizedRootGroup;
			path = TaskExplorerUITests;
			sourceTree = "<group>";
		};
/* End PBXFileSystemSynchronizedRootGroup section */

/* Begin PBXFrameworksBuildPhase section */
		A5E1A7952FBB658E00A644AD /* Frameworks */ = {
			isa = PBXFrameworksBuildPhase;
			buildActionMask = 2147483647;
			files = (
			);
			runOnlyForDeploymentPostprocessing = 0;
		};
		A5E1A7A22FBB659100A644AD /* Frameworks */ = {
			isa = PBXFrameworksBuildPhase;
			buildActionMask = 2147483647;
			files = (
			);
			runOnlyForDeploymentPostprocessing = 0;
		};
		A5E1A7AC2FBB659100A644AD /* Frameworks */ = {
			isa = PBXFrameworksBuildPhase;
			buildActionMask = 2147483647;
			files = (
			);
			runOnlyForDeploymentPostprocessing = 0;
		};
/* End PBXFrameworksBuildPhase section */

/* Begin PBXGroup section */
		A5E1A78F2FBB658E00A644AD = {
			isa = PBXGroup;
			children = (
				A5E1A79A2FBB658E00A644AD /* TaskExplorer */,
				A5E1A7A82FBB659100A644AD /* TaskExplorerTests */,
				A5E1A7B22FBB659100A644AD /* TaskExplorerUITests */,
				A5E1A7992FBB658E00A644AD /* Products */,
			);
			sourceTree = "<group>";
		};
		A5E1A7992FBB658E00A644AD /* Products */ = {
			isa = PBXGroup;
			children = (
				A5E1A7982FBB658E00A644AD /* TaskExplorer.app */,
				A5E1A7A52FBB659100A644AD /* TaskExplorerTests.xctest */,
				A5E1A7AF2FBB659100A644AD /* TaskExplorerUITests.xctest */,
			);
			name = Products;
			sourceTree = "<group>";
		};
/* End PBXGroup section */

/* Begin PBXNativeTarget section */
		A5E1A7972FBB658E00A644AD /* TaskExplorer */ = {
			isa = PBXNativeTarget;
			buildConfigurationList = A5E1A7B92FBB659100A644AD /* Build configuration list for PBXNativeTarget "TaskExplorer" */;
			buildPhases = (
				A5E1A7942FBB658E00A644AD /* Sources */,
				A5E1A7952FBB658E00A644AD /* Frameworks */,
				A5E1A7962FBB658E00A644AD /* Resources */,
			);
			buildRules = (
			);
			dependencies = (
			);
			fileSystemSynchronizedGroups = (
				A5E1A79A2FBB658E00A644AD /* TaskExplorer */,
			);
			name = TaskExplorer;
			packageProductDependencies = (
			);
			productName = TaskExplorer;
			productReference = A5E1A7982FBB658E00A644AD /* TaskExplorer.app */;
			productType = "com.apple.product-type.application";
		};
		A5E1A7A42FBB659100A644AD /* TaskExplorerTests */ = {
			isa = PBXNativeTarget;
			buildConfigurationList = A5E1A7BC2FBB659100A644AD /* Build configuration list for PBXNativeTarget "TaskExplorerTests" */;
			buildPhases = (
				A5E1A7A12FBB659100A644AD /* Sources */,
				A5E1A7A22FBB659100A644AD /* Frameworks */,
				A5E1A7A32FBB659100A644AD /* Resources */,
			);
			buildRules = (
			);
			dependencies = (
				A5E1A7A72FBB659100A644AD /* PBXTargetDependency */,
			);
			fileSystemSynchronizedGroups = (
				A5E1A7A82FBB659100A644AD /* TaskExplorerTests */,
			);
			name = TaskExplorerTests;
			packageProductDependencies = (
			);
			productName = TaskExplorerTests;
			productReference = A5E1A7A52FBB659100A644AD /* TaskExplorerTests.xctest */;
			productType = "com.apple.product-type.bundle.unit-test";
		};
		A5E1A7AE2FBB659100A644AD /* TaskExplorerUITests */ = {
			isa = PBXNativeTarget;
			buildConfigurationList = A5E1A7BF2FBB659100A644AD /* Build configuration list for PBXNativeTarget "TaskExplorerUITests" */;
			buildPhases = (
				A5E1A7AB2FBB659100A644AD /* Sources */,
				A5E1A7AC2FBB659100A644AD /* Frameworks */,
				A5E1A7AD2FBB659100A644AD /* Resources */,
			);
			buildRules = (
			);
			dependencies = (
				A5E1A7B12FBB659100A644AD /* PBXTargetDependency */,
			);
			fileSystemSynchronizedGroups = (
				A5E1A7B22FBB659100A644AD /* TaskExplorerUITests */,
			);
			name = TaskExplorerUITests;
			packageProductDependencies = (
			);
			productName = TaskExplorerUITests;
			productReference = A5E1A7AF2FBB659100A644AD /* TaskExplorerUITests.xctest */;
			productType = "com.apple.product-type.bundle.ui-testing";
		};
/* End PBXNativeTarget section */

/* Begin PBXProject section */
		A5E1A7902FBB658E00A644AD /* Project object */ = {
			isa = PBXProject;
			attributes = {
				BuildIndependentTargetsInParallel = 1;
				LastSwiftUpdateCheck = 2640;
				LastUpgradeCheck = 2640;
				TargetAttributes = {
					A5E1A7972FBB658E00A644AD = {
						CreatedOnToolsVersion = 26.4;
					};
					A5E1A7A42FBB659100A644AD = {
						CreatedOnToolsVersion = 26.4;
						TestTargetID = A5E1A7972FBB658E00A644AD;
					};
					A5E1A7AE2FBB659100A644AD = {
						CreatedOnToolsVersion = 26.4;
						TestTargetID = A5E1A7972FBB658E00A644AD;
					};
				};
			};
			buildConfigurationList = A5E1A7932FBB658E00A644AD /* Build configuration list for PBXProject "TaskExplorer" */;
			developmentRegion = en;
			hasScannedForEncodings = 0;
			knownRegions = (
				en,
				Base,
			);
			mainGroup = A5E1A78F2FBB658E00A644AD;
			minimizedProjectReferenceProxies = 1;
			preferredProjectObjectVersion = 77;
			productRefGroup = A5E1A7992FBB658E00A644AD /* Products */;
			projectDirPath = "";
			projectRoot = "";
			targets = (
				A5E1A7972FBB658E00A644AD /* TaskExplorer */,
				A5E1A7A42FBB659100A644AD /* TaskExplorerTests */,
				A5E1A7AE2FBB659100A644AD /* TaskExplorerUITests */,
			);
		};
/* End PBXProject section */

/* Begin PBXResourcesBuildPhase section */
		A5E1A7962FBB658E00A644AD /* Resources */ = {
			isa = PBXResourcesBuildPhase;
			buildActionMask = 2147483647;
			files = (
			);
			runOnlyForDeploymentPostprocessing = 0;
		};
		A5E1A7A32FBB659100A644AD /* Resources */ = {
			isa = PBXResourcesBuildPhase;
			buildActionMask = 2147483647;
			files = (
			);
			runOnlyForDeploymentPostprocessing = 0;
		};
		A5E1A7AD2FBB659100A644AD /* Resources */ = {
			isa = PBXResourcesBuildPhase;
			buildActionMask = 2147483647;
			files = (
			);
			runOnlyForDeploymentPostprocessing = 0;
		};
/* End PBXResourcesBuildPhase section */

/* Begin PBXSourcesBuildPhase section */
		A5E1A7942FBB658E00A644AD /* Sources */ = {
			isa = PBXSourcesBuildPhase;
			buildActionMask = 2147483647;
			files = (
			);
			runOnlyForDeploymentPostprocessing = 0;
		};
		A5E1A7A12FBB659100A644AD /* Sources */ = {
			isa = PBXSourcesBuildPhase;
			buildActionMask = 2147483647;
			files = (
			);
			runOnlyForDeploymentPostprocessing = 0;
		};
		A5E1A7AB2FBB659100A644AD /* Sources */ = {
			isa = PBXSourcesBuildPhase;
			buildActionMask = 2147483647;
			files = (
			);
			runOnlyForDeploymentPostprocessing = 0;
		};
/* End PBXSourcesBuildPhase section */

/* Begin PBXTargetDependency section */
		A5E1A7A72FBB659100A644AD /* PBXTargetDependency */ = {
			isa = PBXTargetDependency;
			target = A5E1A7972FBB658E00A644AD /* TaskExplorer */;
			targetProxy = A5E1A7A62FBB659100A644AD /* PBXContainerItemProxy */;
		};
		A5E1A7B12FBB659100A644AD /* PBXTargetDependency */ = {
			isa = PBXTargetDependency;
			target = A5E1A7972FBB658E00A644AD /* TaskExplorer */;
			targetProxy = A5E1A7B02FBB659100A644AD /* PBXContainerItemProxy */;
		};
/* End PBXTargetDependency section */

/* Begin XCBuildConfiguration section */
		A5E1A7B72FBB659100A644AD /* Debug */ = {
			isa = XCBuildConfiguration;
			buildSettings = {
				ALWAYS_SEARCH_USER_PATHS = NO;
				ASSETCATALOG_COMPILER_GENERATE_SWIFT_ASSET_SYMBOL_EXTENSIONS = YES;
				CLANG_ANALYZER_NONNULL = YES;
				CLANG_ANALYZER_NUMBER_OBJECT_CONVERSION = YES_AGGRESSIVE;
				CLANG_CXX_LANGUAGE_STANDARD = "gnu++20";
				CLANG_ENABLE_MODULES = YES;
				CLANG_ENABLE_OBJC_ARC = YES;
				CLANG_ENABLE_OBJC_WEAK = YES;
				CLANG_WARN_BLOCK_CAPTURE_AUTORELEASING = YES;
				CLANG_WARN_BOOL_CONVERSION = YES;
				CLANG_WARN_COMMA = YES;
				CLANG_WARN_CONSTANT_CONVERSION = YES;
				CLANG_WARN_DEPRECATED_OBJC_IMPLEMENTATIONS = YES;
				CLANG_WARN_DIRECT_OBJC_ISA_USAGE = YES_ERROR;
				CLANG_WARN_DOCUMENTATION_COMMENTS = YES;
				CLANG_WARN_EMPTY_BODY = YES;
				CLANG_WARN_ENUM_CONVERSION = YES;
				CLANG_WARN_INFINITE_RECURSION = YES;
				CLANG_WARN_INT_CONVERSION = YES;
				CLANG_WARN_NON_LITERAL_NULL_CONVERSION = YES;
				CLANG_WARN_OBJC_IMPLICIT_RETAIN_SELF = YES;
				CLANG_WARN_OBJC_LITERAL_CONVERSION = YES;
				CLANG_WARN_OBJC_ROOT_CLASS = YES_ERROR;
				CLANG_WARN_QUOTED_INCLUDE_IN_FRAMEWORK_HEADER = YES;
				CLANG_WARN_RANGE_LOOP_ANALYSIS = YES;
				CLANG_WARN_STRICT_PROTOTYPES = YES;
				CLANG_WARN_SUSPICIOUS_MOVE = YES;
				CLANG_WARN_UNGUARDED_AVAILABILITY = YES_AGGRESSIVE;
				CLANG_WARN_UNREACHABLE_CODE = YES;
				CLANG_WARN__DUPLICATE_METHOD_MATCH = YES;
				COPY_PHASE_STRIP = NO;
				DEBUG_INFORMATION_FORMAT = dwarf;
				DEVELOPMENT_TEAM = YKQLRUN464;
				ENABLE_STRICT_OBJC_MSGSEND = YES;
				ENABLE_TESTABILITY = YES;
				ENABLE_USER_SCRIPT_SANDBOXING = YES;
				GCC_C_LANGUAGE_STANDARD = gnu17;
				GCC_DYNAMIC_NO_PIC = NO;
				GCC_NO_COMMON_BLOCKS = YES;
				GCC_OPTIMIZATION_LEVEL = 0;
				GCC_PREPROCESSOR_DEFINITIONS = (
					"DEBUG=1",
					"$(inherited)",
				);
				GCC_WARN_64_TO_32_BIT_CONVERSION = YES;
				GCC_WARN_ABOUT_RETURN_TYPE = YES_ERROR;
				GCC_WARN_UNDECLARED_SELECTOR = YES;
				GCC_WARN_UNINITIALIZED_AUTOS = YES_AGGRESSIVE;
				GCC_WARN_UNUSED_FUNCTION = YES;
				GCC_WARN_UNUSED_VARIABLE = YES;
				IPHONEOS_DEPLOYMENT_TARGET = 26.4;
				LOCALIZATION_PREFERS_STRING_CATALOGS = YES;
				MTL_ENABLE_DEBUG_INFO = INCLUDE_SOURCE;
				MTL_FAST_MATH = YES;
				ONLY_ACTIVE_ARCH = YES;
				SDKROOT = iphoneos;
				SWIFT_ACTIVE_COMPILATION_CONDITIONS = "DEBUG $(inherited)";
				SWIFT_OPTIMIZATION_LEVEL = "-Onone";
			};
			name = Debug;
		};
		A5E1A7B82FBB659100A644AD /* Release */ = {
			isa = XCBuildConfiguration;
			buildSettings = {
				ALWAYS_SEARCH_USER_PATHS = NO;
				ASSETCATALOG_COMPILER_GENERATE_SWIFT_ASSET_SYMBOL_EXTENSIONS = YES;
				CLANG_ANALYZER_NONNULL = YES;
				CLANG_ANALYZER_NUMBER_OBJECT_CONVERSION = YES_AGGRESSIVE;
				CLANG_CXX_LANGUAGE_STANDARD = "gnu++20";
				CLANG_ENABLE_MODULES = YES;
				CLANG_ENABLE_OBJC_ARC = YES;
				CLANG_ENABLE_OBJC_WEAK = YES;
				CLANG_WARN_BLOCK_CAPTURE_AUTORELEASING = YES;
				CLANG_WARN_BOOL_CONVERSION = YES;
				CLANG_WARN_COMMA = YES;
				CLANG_WARN_CONSTANT_CONVERSION = YES;
				CLANG_WARN_DEPRECATED_OBJC_IMPLEMENTATIONS = YES;
				CLANG_WARN_DIRECT_OBJC_ISA_USAGE = YES_ERROR;
				CLANG_WARN_DOCUMENTATION_COMMENTS = YES;
				CLANG_WARN_EMPTY_BODY = YES;
				CLANG_WARN_ENUM_CONVERSION = YES;
				CLANG_WARN_INFINITE_RECURSION = YES;
				CLANG_WARN_INT_CONVERSION = YES;
				CLANG_WARN_NON_LITERAL_NULL_CONVERSION = YES;
				CLANG_WARN_OBJC_IMPLICIT_RETAIN_SELF = YES;
				CLANG_WARN_OBJC_LITERAL_CONVERSION = YES;
				CLANG_WARN_OBJC_ROOT_CLASS = YES_ERROR;
				CLANG_WARN_QUOTED_INCLUDE_IN_FRAMEWORK_HEADER = YES;
				CLANG_WARN_RANGE_LOOP_ANALYSIS = YES;
				CLANG_WARN_STRICT_PROTOTYPES = YES;
				CLANG_WARN_SUSPICIOUS_MOVE = YES;
				CLANG_WARN_UNGUARDED_AVAILABILITY = YES_AGGRESSIVE;
				CLANG_WARN_UNREACHABLE_CODE = YES;
				CLANG_WARN__DUPLICATE_METHOD_MATCH = YES;
				COPY_PHASE_STRIP = NO;
				DEBUG_INFORMATION_FORMAT = "dwarf-with-dsym";
				DEVELOPMENT_TEAM = YKQLRUN464;
				ENABLE_NS_ASSERTIONS = NO;
				ENABLE_STRICT_OBJC_MSGSEND = YES;
				ENABLE_USER_SCRIPT_SANDBOXING = YES;
				GCC_C_LANGUAGE_STANDARD = gnu17;
				GCC_NO_COMMON_BLOCKS = YES;
				GCC_WARN_64_TO_32_BIT_CONVERSION = YES;
				GCC_WARN_ABOUT_RETURN_TYPE = YES_ERROR;
				GCC_WARN_UNDECLARED_SELECTOR = YES;
				GCC_WARN_UNINITIALIZED_AUTOS = YES_AGGRESSIVE;
				GCC_WARN_UNUSED_FUNCTION = YES;
				GCC_WARN_UNUSED_VARIABLE = YES;
				IPHONEOS_DEPLOYMENT_TARGET = 26.4;
				LOCALIZATION_PREFERS_STRING_CATALOGS = YES;
				MTL_ENABLE_DEBUG_INFO = NO;
				MTL_FAST_MATH = YES;
				SDKROOT = iphoneos;
				SWIFT_COMPILATION_MODE = wholemodule;
				VALIDATE_PRODUCT = YES;
			};
			name = Release;
		};
		A5E1A7BA2FBB659100A644AD /* Debug */ = {
			isa = XCBuildConfiguration;
			buildSettings = {
				ASSETCATALOG_COMPILER_APPICON_NAME = AppIcon;
				ASSETCATALOG_COMPILER_GLOBAL_ACCENT_COLOR_NAME = AccentColor;
				CODE_SIGN_STYLE = Automatic;
				CURRENT_PROJECT_VERSION = 1;
				DEVELOPMENT_TEAM = YKQLRUN464;
				ENABLE_PREVIEWS = YES;
				GENERATE_INFOPLIST_FILE = YES;
				INFOPLIST_KEY_UIApplicationSceneManifest_Generation = YES;
				INFOPLIST_KEY_UIApplicationSupportsIndirectInputEvents = YES;
				INFOPLIST_KEY_UILaunchScreen_Generation = YES;
				INFOPLIST_KEY_UISupportedInterfaceOrientations_iPad = "UIInterfaceOrientationPortrait UIInterfaceOrientationPortraitUpsideDown UIInterfaceOrientationLandscapeLeft UIInterfaceOrientationLandscapeRight";
				INFOPLIST_KEY_UISupportedInterfaceOrientations_iPhone = "UIInterfaceOrientationPortrait UIInterfaceOrientationLandscapeLeft UIInterfaceOrientationLandscapeRight";
				IPHONEOS_DEPLOYMENT_TARGET = 16;
				LD_RUNPATH_SEARCH_PATHS = (
					"$(inherited)",
					"@executable_path/Frameworks",
				);
				MARKETING_VERSION = 1.0;
				PRODUCT_BUNDLE_IDENTIFIER = aldinonid.TaskExplorer;
				PRODUCT_NAME = "$(TARGET_NAME)";
				STRING_CATALOG_GENERATE_SYMBOLS = YES;
				SWIFT_APPROACHABLE_CONCURRENCY = YES;
				SWIFT_DEFAULT_ACTOR_ISOLATION = MainActor;
				SWIFT_EMIT_LOC_STRINGS = YES;
				SWIFT_UPCOMING_FEATURE_MEMBER_IMPORT_VISIBILITY = YES;
				SWIFT_VERSION = 5.0;
				TARGETED_DEVICE_FAMILY = "1,2";
			};
			name = Debug;
		};
		A5E1A7BB2FBB659100A644AD /* Release */ = {
			isa = XCBuildConfiguration;
			buildSettings = {
				ASSETCATALOG_COMPILER_APPICON_NAME = AppIcon;
				ASSETCATALOG_COMPILER_GLOBAL_ACCENT_COLOR_NAME = AccentColor;
				CODE_SIGN_STYLE = Automatic;
				CURRENT_PROJECT_VERSION = 1;
				DEVELOPMENT_TEAM = YKQLRUN464;
				ENABLE_PREVIEWS = YES;
				GENERATE_INFOPLIST_FILE = YES;
				INFOPLIST_KEY_UIApplicationSceneManifest_Generation = YES;
				INFOPLIST_KEY_UIApplicationSupportsIndirectInputEvents = YES;
				INFOPLIST_KEY_UILaunchScreen_Generation = YES;
				INFOPLIST_KEY_UISupportedInterfaceOrientations_iPad = "UIInterfaceOrientationPortrait UIInterfaceOrientationPortraitUpsideDown UIInterfaceOrientationLandscapeLeft UIInterfaceOrientationLandscapeRight";
				INFOPLIST_KEY_UISupportedInterfaceOrientations_iPhone = "UIInterfaceOrientationPortrait UIInterfaceOrientationLandscapeLeft UIInterfaceOrientationLandscapeRight";
				IPHONEOS_DEPLOYMENT_TARGET = 16;
				LD_RUNPATH_SEARCH_PATHS = (
					"$(inherited)",
					"@executable_path/Frameworks",
				);
				MARKETING_VERSION = 1.0;
				PRODUCT_BUNDLE_IDENTIFIER = aldinonid.TaskExplorer;
				PRODUCT_NAME = "$(TARGET_NAME)";
				STRING_CATALOG_GENERATE_SYMBOLS = YES;
				SWIFT_APPROACHABLE_CONCURRENCY = YES;
				SWIFT_DEFAULT_ACTOR_ISOLATION = MainActor;
				SWIFT_EMIT_LOC_STRINGS = YES;
				SWIFT_UPCOMING_FEATURE_MEMBER_IMPORT_VISIBILITY = YES;
				SWIFT_VERSION = 5.0;
				TARGETED_DEVICE_FAMILY = "1,2";
			};
			name = Release;
		};
		A5E1A7BD2FBB659100A644AD /* Debug */ = {
			isa = XCBuildConfiguration;
			buildSettings = {
				BUNDLE_LOADER = "$(TEST_HOST)";
				CODE_SIGN_STYLE = Automatic;
				CURRENT_PROJECT_VERSION = 1;
				DEVELOPMENT_TEAM = YKQLRUN464;
				GENERATE_INFOPLIST_FILE = YES;
				IPHONEOS_DEPLOYMENT_TARGET = 26.4;
				MARKETING_VERSION = 1.0;
				PRODUCT_BUNDLE_IDENTIFIER = aldinonid.TaskExplorerTests;
				PRODUCT_NAME = "$(TARGET_NAME)";
				STRING_CATALOG_GENERATE_SYMBOLS = NO;
				SWIFT_APPROACHABLE_CONCURRENCY = YES;
				SWIFT_EMIT_LOC_STRINGS = NO;
				SWIFT_UPCOMING_FEATURE_MEMBER_IMPORT_VISIBILITY = YES;
				SWIFT_VERSION = 5.0;
				TARGETED_DEVICE_FAMILY = "1,2";
				TEST_HOST = "$(BUILT_PRODUCTS_DIR)/TaskExplorer.app/$(BUNDLE_EXECUTABLE_FOLDER_PATH)/TaskExplorer";
			};
			name = Debug;
		};
		A5E1A7BE2FBB659100A644AD /* Release */ = {
			isa = XCBuildConfiguration;
			buildSettings = {
				BUNDLE_LOADER = "$(TEST_HOST)";
				CODE_SIGN_STYLE = Automatic;
				CURRENT_PROJECT_VERSION = 1;
				DEVELOPMENT_TEAM = YKQLRUN464;
				GENERATE_INFOPLIST_FILE = YES;
				IPHONEOS_DEPLOYMENT_TARGET = 26.4;
				MARKETING_VERSION = 1.0;
				PRODUCT_BUNDLE_IDENTIFIER = aldinonid.TaskExplorerTests;
				PRODUCT_NAME = "$(TARGET_NAME)";
				STRING_CATALOG_GENERATE_SYMBOLS = NO;
				SWIFT_APPROACHABLE_CONCURRENCY = YES;
				SWIFT_EMIT_LOC_STRINGS = NO;
				SWIFT_UPCOMING_FEATURE_MEMBER_IMPORT_VISIBILITY = YES;
				SWIFT_VERSION = 5.0;
				TARGETED_DEVICE_FAMILY = "1,2";
				TEST_HOST = "$(BUILT_PRODUCTS_DIR)/TaskExplorer.app/$(BUNDLE_EXECUTABLE_FOLDER_PATH)/TaskExplorer";
			};
			name = Release;
		};
		A5E1A7C02FBB659100A644AD /* Debug */ = {
			isa = XCBuildConfiguration;
			buildSettings = {
				CODE_SIGN_STYLE = Automatic;
				CURRENT_PROJECT_VERSION = 1;
				DEVELOPMENT_TEAM = YKQLRUN464;
				GENERATE_INFOPLIST_FILE = YES;
				MARKETING_VERSION = 1.0;
				PRODUCT_BUNDLE_IDENTIFIER = aldinonid.TaskExplorerUITests;
				PRODUCT_NAME = "$(TARGET_NAME)";
				STRING_CATALOG_GENERATE_SYMBOLS = NO;
				SWIFT_APPROACHABLE_CONCURRENCY = YES;
				SWIFT_EMIT_LOC_STRINGS = NO;
				SWIFT_UPCOMING_FEATURE_MEMBER_IMPORT_VISIBILITY = YES;
				SWIFT_VERSION = 5.0;
				TARGETED_DEVICE_FAMILY = "1,2";
				TEST_TARGET_NAME = TaskExplorer;
			};
			name = Debug;
		};
		A5E1A7C12FBB659100A644AD /* Release */ = {
			isa = XCBuildConfiguration;
			buildSettings = {
				CODE_SIGN_STYLE = Automatic;
				CURRENT_PROJECT_VERSION = 1;
				DEVELOPMENT_TEAM = YKQLRUN464;
				GENERATE_INFOPLIST_FILE = YES;
				MARKETING_VERSION = 1.0;
				PRODUCT_BUNDLE_IDENTIFIER = aldinonid.TaskExplorerUITests;
				PRODUCT_NAME = "$(TARGET_NAME)";
				STRING_CATALOG_GENERATE_SYMBOLS = NO;
				SWIFT_APPROACHABLE_CONCURRENCY = YES;
				SWIFT_EMIT_LOC_STRINGS = NO;
				SWIFT_UPCOMING_FEATURE_MEMBER_IMPORT_VISIBILITY = YES;
				SWIFT_VERSION = 5.0;
				TARGETED_DEVICE_FAMILY = "1,2";
				TEST_TARGET_NAME = TaskExplorer;
			};
			name = Release;
		};
/* End XCBuildConfiguration section */

/* Begin XCConfigurationList section */
		A5E1A7932FBB658E00A644AD /* Build configuration list for PBXProject "TaskExplorer" */ = {
			isa = XCConfigurationList;
			buildConfigurations = (
				A5E1A7B72FBB659100A644AD /* Debug */,
				A5E1A7B82FBB659100A644AD /* Release */,
			);
			defaultConfigurationIsVisible = 0;
			defaultConfigurationName = Release;
		};
		A5E1A7B92FBB659100A644AD /* Build configuration list for PBXNativeTarget "TaskExplorer" */ = {
			isa = XCConfigurationList;
			buildConfigurations = (
				A5E1A7BA2FBB659100A644AD /* Debug */,
				A5E1A7BB2FBB659100A644AD /* Release */,
			);
			defaultConfigurationIsVisible = 0;
			defaultConfigurationName = Release;
		};
		A5E1A7BC2FBB659100A644AD /* Build configuration list for PBXNativeTarget "TaskExplorerTests" */ = {
			isa = XCConfigurationList;
			buildConfigurations = (
				A5E1A7BD2FBB659100A644AD /* Debug */,
				A5E1A7BE2FBB659100A644AD /* Release */,
			);
			defaultConfigurationIsVisible = 0;
			defaultConfigurationName = Release;
		};
		A5E1A7BF2FBB659100A644AD /* Build configuration list for PBXNativeTarget "TaskExplorerUITests" */ = {
			isa = XCConfigurationList;
			buildConfigurations = (
				A5E1A7C02FBB659100A644AD /* Debug */,
				A5E1A7C12FBB659100A644AD /* Release */,
			);
			defaultConfigurationIsVisible = 0;
			defaultConfigurationName = Release;
		};
/* End XCConfigurationList section */
	};
	rootObject = A5E1A7902FBB658E00A644AD /* Project object */;
}
